dependencies:
- name: ui
  repository: file://../ui
  version: 1.0.0
- name: post
  repository: file://../post
  version: 1.0.0
- name: comment
  repository: file://../comment
  version: 1.0.0
- name: mongodb
  repository: https://kubernetes-charts.storage.googleapis.com
  version: 7.2.10
digest: sha256:2e5531ef8d892d80a7c426a734af88b1a3bbb45a1d5ee5ae17e05ac67d7bdce7
generated: "2020-10-10T23:06:40.966964+03:00"
