dependencies:
- name: ui
  repository: file://../ui
  version: 1.0.0
- name: post
  repository: file://../post
  version: 1.0.0
- name: comment
  repository: file://../comment
  version: 1.0.0
- name: mongodb
  repository: https://charts.bitnami.com/bitnami
  version: 7.2.8
digest: sha256:99edd1692f708bdbcb01744b22c563fae7f67d759fe62750c66f774b12ef0f47
generated: "2020-09-28T00:11:02.686558+03:00"
